
Microsoft Visual Studio Solution File, Format Version 12.00
# Visual Studio Version 16
VisualStudioVersion = 16.0.31727.386
MinimumVisualStudioVersion = 10.0.40219.1
Project("{FAE04EC0-301F-11D3-BF4B-00C04F79EFBC}") = "picture_viewer", "picture_viewer\picture_viewer.csproj", "{839D8CD8-0F96-4A06-AD61-92237390A868}"
EndProject
Global
	GlobalSection(SolutionConfigurationPlatforms) = preSolution
		Debug|Any CPU = Debug|Any CPU
		Release|Any CPU = Release|Any CPU
	EndGlobalSection
	GlobalSection(ProjectConfigurationPlatforms) = postSolution
		{839D8CD8-0F96-4A06-AD61-92237390A868}.Debug|Any CPU.ActiveCfg = Debug|Any CPU
		{839D8CD8-0F96-4A06-AD61-92237390A868}.Debug|Any CPU.Build.0 = Debug|Any CPU
		{839D8CD8-0F96-4A06-AD61-92237390A868}.Release|Any CPU.ActiveCfg = Release|Any CPU
		{839D8CD8-0F96-4A06-AD61-92237390A868}.Release|Any CPU.Build.0 = Release|Any CPU
	EndGlobalSection
	GlobalSection(SolutionProperties) = preSolution
		HideSolutionNode = FALSE
	EndGlobalSection
	GlobalSection(ExtensibilityGlobals) = postSolution
		SolutionGuid = {E00706DE-6E3A-4B5F-A639-86B35AB7D6D8}
	EndGlobalSection
EndGlobal
